// !$*UTF8*$!
{
	archiveVersion = 1;
	classes = {
	};
	objectVersion = 50;
	objects = {

/* Begin PBXBuildFile section */
		96A409D024B3974A00A3B691 /* AppDelegate.swift in Sources */ = {isa = PBXBuildFile; fileRef = 96A409CF24B3974A00A3B691 /* AppDelegate.swift */; };
		96A409D224B3974A00A3B691 /* SceneDelegate.swift in Sources */ = {isa = PBXBuildFile; fileRef = 96A409D124B3974A00A3B691 /* SceneDelegate.swift */; };
		96A409D424B3974A00A3B691 /* ViewController.swift in Sources */ = {isa = PBXBuildFile; fileRef = 96A409D324B3974A00A3B691 /* ViewController.swift */; };
		96A409D724B3974A00A3B691 /* Main.storyboard in Resources */ = {isa = PBXBuildFile; fileRef = 96A409D524B3974A00A3B691 /* Main.storyboard */; };
		96A409D924B3974E00A3B691 /* Assets.xcassets in Resources */ = {isa = PBXBuildFile; fileRef = 96A409D824B3974E00A3B691 /* Assets.xcassets */; };
		96A409DC24B3974E00A3B691 /* LaunchScreen.storyboard in Resources */ = {isa = PBXBuildFile; fileRef = 96A409DA24B3974E00A3B691 /* LaunchScreen.storyboard */; };
		96A409E724B3974E00A3B691 /* skillbox_playerTests.swift in Sources */ = {isa = PBXBuildFile; fileRef = 96A409E624B3974E00A3B691 /* skillbox_playerTests.swift */; };
		96A409F224B3974E00A3B691 /* skillbox_playerUITests.swift in Sources */ = {isa = PBXBuildFile; fileRef = 96A409F124B3974E00A3B691 /* skillbox_playerUITests.swift */; };
/* End PBXBuildFile section */

/* Begin PBXContainerItemProxy section */
		96A409E324B3974E00A3B691 /* PBXContainerItemProxy */ = {
			isa = PBXContainerItemProxy;
			containerPortal = 96A409C424B3974A00A3B691 /* Project object */;
			proxyType = 1;
			remoteGlobalIDString = 96A409CB24B3974A00A3B691;
			remoteInfo = skillbox_player;
		};
		96A409EE24B3974E00A3B691 /* PBXContainerItemProxy */ = {
			isa = PBXContainerItemProxy;
			containerPortal = 96A409C424B3974A00A3B691 /* Project object */;
			proxyType = 1;
			remoteGlobalIDString = 96A409CB24B3974A00A3B691;
			remoteInfo = skillbox_player;
		};
/* End PBXContainerItemProxy section */

/* Begin PBXFileReference section */
		96A409CC24B3974A00A3B691 /* skillbox_player.app */ = {isa = PBXFileReference; explicitFileType = wrapper.application; includeInIndex = 0; path = skillbox_player.app; sourceTree = BUILT_PRODUCTS_DIR; };
		96A409CF24B3974A00A3B691 /* AppDelegate.swift */ = {isa = PBXFileReference; lastKnownFileType = sourcecode.swift; path = AppDelegate.swift; sourceTree = "<group>"; };
		96A409D124B3974A00A3B691 /* SceneDelegate.swift */ = {isa = PBXFileReference; lastKnownFileType = sourcecode.swift; path = SceneDelegate.swift; sourceTree = "<group>"; };
		96A409D324B3974A00A3B691 /* ViewController.swift */ = {isa = PBXFileReference; lastKnownFileType = sourcecode.swift; path = ViewController.swift; sourceTree = "<group>"; };
		96A409D624B3974A00A3B691 /* Base */ = {isa = PBXFileReference; lastKnownFileType = file.storyboard; name = Base; path = Base.lproj/Main.storyboard; sourceTree = "<group>"; };
		96A409D824B3974E00A3B691 /* Assets.xcassets */ = {isa = PBXFileReference; lastKnownFileType = folder.assetcatalog; path = Assets.xcassets; sourceTree = "<group>"; };
		96A409DB24B3974E00A3B691 /* Base */ = {isa = PBXFileReference; lastKnownFileType = file.storyboard; name = Base; path = Base.lproj/LaunchScreen.storyboard; sourceTree = "<group>"; };
		96A409DD24B3974E00A3B691 /* Info.plist */ = {isa = PBXFileReference; lastKnownFileType = text.plist.xml; path = Info.plist; sourceTree = "<group>"; };
		96A409E224B3974E00A3B691 /* skillbox_playerTests.xctest */ = {isa = PBXFileReference; explicitFileType = wrapper.cfbundle; includeInIndex = 0; path = skillbox_playerTests.xctest; sourceTree = BUILT_PRODUCTS_DIR; };
		96A409E624B3974E00A3B691 /* skillbox_playerTests.swift */ = {isa = PBXFileReference; lastKnownFileType = sourcecode.swift; path = skillbox_playerTests.swift; sourceTree = "<group>"; };
		96A409E824B3974E00A3B691 /* Info.plist */ = {isa = PBXFileReference; lastKnownFileType = text.plist.xml; path = Info.plist; sourceTree = "<group>"; };
		96A409ED24B3974E00A3B691 /* skillbox_playerUITests.xctest */ = {isa = PBXFileReference; explicitFileType = wrapper.cfbundle; includeInIndex = 0; path = skillbox_playerUITests.xctest; sourceTree = BUILT_PRODUCTS_DIR; };
		96A409F124B3974E00A3B691 /* skillbox_playerUITests.swift */ = {isa = PBXFileReference; lastKnownFileType = sourcecode.swift; path = skillbox_playerUITests.swift; sourceTree = "<group>"; };
		96A409F324B3974E00A3B691 /* Info.plist */ = {isa = PBXFileReference; lastKnownFileType = text.plist.xml; path = Info.plist; sourceTree = "<group>"; };
/* End PBXFileReference section */

/* Begin PBXFrameworksBuildPhase section */
		96A409C924B3974A00A3B691 /* Frameworks */ = {
			isa = PBXFrameworksBuildPhase;
			buildActionMask = 2147483647;
			files = (
			);
			runOnlyForDeploymentPostprocessing = 0;
		};
		96A409DF24B3974E00A3B691 /* Frameworks */ = {
			isa = PBXFrameworksBuildPhase;
			buildActionMask = 2147483647;
			files = (
			);
			runOnlyForDeploymentPostprocessing = 0;
		};
		96A409EA24B3974E00A3B691 /* Frameworks */ = {
			isa = PBXFrameworksBuildPhase;
			buildActionMask = 2147483647;
			files = (
			);
			runOnlyForDeploymentPostprocessing = 0;
		};
/* End PBXFrameworksBuildPhase section */

/* Begin PBXGroup section */
		96A409C324B3974A00A3B691 = {
			isa = PBXGroup;
			children = (
				96A409CE24B3974A00A3B691 /* skillbox_player */,
				96A409E524B3974E00A3B691 /* skillbox_playerTests */,
				96A409F024B3974E00A3B691 /* skillbox_playerUITests */,
				96A409CD24B3974A00A3B691 /* Products */,
			);
			sourceTree = "<group>";
		};
		96A409CD24B3974A00A3B691 /* Products */ = {
			isa = PBXGroup;
			children = (
				96A409CC24B3974A00A3B691 /* skillbox_player.app */,
				96A409E224B3974E00A3B691 /* skillbox_playerTests.xctest */,
				96A409ED24B3974E00A3B691 /* skillbox_playerUITests.xctest */,
			);
			name = Products;
			sourceTree = "<group>";
		};
		96A409CE24B3974A00A3B691 /* skillbox_player */ = {
			isa = PBXGroup;
			children = (
				96A409CF24B3974A00A3B691 /* AppDelegate.swift */,
				96A409D124B3974A00A3B691 /* SceneDelegate.swift */,
				96A409D324B3974A00A3B691 /* ViewController.swift */,
				96A409D524B3974A00A3B691 /* Main.storyboard */,
				96A409D824B3974E00A3B691 /* Assets.xcassets */,
				96A409DA24B3974E00A3B691 /* LaunchScreen.storyboard */,
				96A409DD24B3974E00A3B691 /* Info.plist */,
			);
			path = skillbox_player;
			sourceTree = "<group>";
		};
		96A409E524B3974E00A3B691 /* skillbox_playerTests */ = {
			isa = PBXGroup;
			children = (
				96A409E624B3974E00A3B691 /* skillbox_playerTests.swift */,
				96A409E824B3974E00A3B691 /* Info.plist */,
			);
			path = skillbox_playerTests;
			sourceTree = "<group>";
		};
		96A409F024B3974E00A3B691 /* skillbox_playerUITests */ = {
			isa = PBXGroup;
			children = (
				96A409F124B3974E00A3B691 /* skillbox_playerUITests.swift */,
				96A409F324B3974E00A3B691 /* Info.plist */,
			);
			path = skillbox_playerUITests;
			sourceTree = "<group>";
		};
/* End PBXGroup section */

/* Begin PBXNativeTarget section */
		96A409CB24B3974A00A3B691 /* skillbox_player */ = {
			isa = PBXNativeTarget;
			buildConfigurationList = 96A409F624B3974E00A3B691 /* Build configuration list for PBXNativeTarget "skillbox_player" */;
			buildPhases = (
				96A409C824B3974A00A3B691 /* Sources */,
				96A409C924B3974A00A3B691 /* Frameworks */,
				96A409CA24B3974A00A3B691 /* Resources */,
			);
			buildRules = (
			);
			dependencies = (
			);
			name = skillbox_player;
			productName = skillbox_player;
			productReference = 96A409CC24B3974A00A3B691 /* skillbox_player.app */;
			productType = "com.apple.product-type.application";
		};
		96A409E124B3974E00A3B691 /* skillbox_playerTests */ = {
			isa = PBXNativeTarget;
			buildConfigurationList = 96A409F924B3974E00A3B691 /* Build configuration list for PBXNativeTarget "skillbox_playerTests" */;
			buildPhases = (
				96A409DE24B3974E00A3B691 /* Sources */,
				96A409DF24B3974E00A3B691 /* Frameworks */,
				96A409E024B3974E00A3B691 /* Resources */,
			);
			buildRules = (
			);
			dependencies = (
				96A409E424B3974E00A3B691 /* PBXTargetDependency */,
			);
			name = skillbox_playerTests;
			productName = skillbox_playerTests;
			productReference = 96A409E224B3974E00A3B691 /* skillbox_playerTests.xctest */;
			productType = "com.apple.product-type.bundle.unit-test";
		};
		96A409EC24B3974E00A3B691 /* skillbox_playerUITests */ = {
			isa = PBXNativeTarget;
			buildConfigurationList = 96A409FC24B3974E00A3B691 /* Build configuration list for PBXNativeTarget "skillbox_playerUITests" */;
			buildPhases = (
				96A409E924B3974E00A3B691 /* Sources */,
				96A409EA24B3974E00A3B691 /* Frameworks */,
				96A409EB24B3974E00A3B691 /* Resources */,
			);
			buildRules = (
			);
			dependencies = (
				96A409EF24B3974E00A3B691 /* PBXTargetDependency */,
			);
			name = skillbox_playerUITests;
			productName = skillbox_playerUITests;
			productReference = 96A409ED24B3974E00A3B691 /* skillbox_playerUITests.xctest */;
			productType = "com.apple.product-type.bundle.ui-testing";
		};
/* End PBXNativeTarget section */

/* Begin PBXProject section */
		96A409C424B3974A00A3B691 /* Project object */ = {
			isa = PBXProject;
			attributes = {
				LastSwiftUpdateCheck = 1150;
				LastUpgradeCheck = 1150;
				ORGANIZATIONNAME = "Vladislav Bocharov";
				TargetAttributes = {
					96A409CB24B3974A00A3B691 = {
						CreatedOnToolsVersion = 11.5;
					};
					96A409E124B3974E00A3B691 = {
						CreatedOnToolsVersion = 11.5;
						TestTargetID = 96A409CB24B3974A00A3B691;
					};
					96A409EC24B3974E00A3B691 = {
						CreatedOnToolsVersion = 11.5;
						TestTargetID = 96A409CB24B3974A00A3B691;
					};
				};
			};
			buildConfigurationList = 96A409C724B3974A00A3B691 /* Build configuration list for PBXProject "skillbox_player" */;
			compatibilityVersion = "Xcode 9.3";
			developmentRegion = en;
			hasScannedForEncodings = 0;
			knownRegions = (
				en,
				Base,
			);
			mainGroup = 96A409C324B3974A00A3B691;
			productRefGroup = 96A409CD24B3974A00A3B691 /* Products */;
			projectDirPath = "";
			projectRoot = "";
			targets = (
				96A409CB24B3974A00A3B691 /* skillbox_player */,
				96A409E124B3974E00A3B691 /* skillbox_playerTests */,
				96A409EC24B3974E00A3B691 /* skillbox_playerUITests */,
			);
		};
/* End PBXProject section */

/* Begin PBXResourcesBuildPhase section */
		96A409CA24B3974A00A3B691 /* Resources */ = {
			isa = PBXResourcesBuildPhase;
			buildActionMask = 2147483647;
			files = (
				96A409DC24B3974E00A3B691 /* LaunchScreen.storyboard in Resources */,
				96A409D924B3974E00A3B691 /* Assets.xcassets in Resources */,
				96A409D724B3974A00A3B691 /* Main.storyboard in Resources */,
			);
			runOnlyForDeploymentPostprocessing = 0;
		};
		96A409E024B3974E00A3B691 /* Resources */ = {
			isa = PBXResourcesBuildPhase;
			buildActionMask = 2147483647;
			files = (
			);
			runOnlyForDeploymentPostprocessing = 0;
		};
		96A409EB24B3974E00A3B691 /* Resources */ = {
			isa = PBXResourcesBuildPhase;
			buildActionMask = 2147483647;
			files = (
			);
			runOnlyForDeploymentPostprocessing = 0;
		};
/* End PBXResourcesBuildPhase section */

/* Begin PBXSourcesBuildPhase section */
		96A409C824B3974A00A3B691 /* Sources */ = {
			isa = PBXSourcesBuildPhase;
			buildActionMask = 2147483647;
			files = (
				96A409D424B3974A00A3B691 /* ViewController.swift in Sources */,
				96A409D024B3974A00A3B691 /* AppDelegate.swift in Sources */,
				96A409D224B3974A00A3B691 /* SceneDelegate.swift in Sources */,
			);
			runOnlyForDeploymentPostprocessing = 0;
		};
		96A409DE24B3974E00A3B691 /* Sources */ = {
			isa = PBXSourcesBuildPhase;
			buildActionMask = 2147483647;
			files = (
				96A409E724B3974E00A3B691 /* skillbox_playerTests.swift in Sources */,
			);
			runOnlyForDeploymentPostprocessing = 0;
		};
		96A409E924B3974E00A3B691 /* Sources */ = {
			isa = PBXSourcesBuildPhase;
			buildActionMask = 2147483647;
			files = (
				96A409F224B3974E00A3B691 /* skillbox_playerUITests.swift in Sources */,
			);
			runOnlyForDeploymentPostprocessing = 0;
		};
/* End PBXSourcesBuildPhase section */

/* Begin PBXTargetDependency section */
		96A409E424B3974E00A3B691 /* PBXTargetDependency */ = {
			isa = PBXTargetDependency;
			target = 96A409CB24B3974A00A3B691 /* skillbox_player */;
			targetProxy = 96A409E324B3974E00A3B691 /* PBXContainerItemProxy */;
		};
		96A409EF24B3974E00A3B691 /* PBXTargetDependency */ = {
			isa = PBXTargetDependency;
			target = 96A409CB24B3974A00A3B691 /* skillbox_player */;
			targetProxy = 96A409EE24B3974E00A3B691 /* PBXContainerItemProxy */;
		};
/* End PBXTargetDependency section */

/* Begin PBXVariantGroup section */
		96A409D524B3974A00A3B691 /* Main.storyboard */ = {
			isa = PBXVariantGroup;
			children = (
				96A409D624B3974A00A3B691 /* Base */,
			);
			name = Main.storyboard;
			sourceTree = "<group>";
		};
		96A409DA24B3974E00A3B691 /* LaunchScreen.storyboard */ = {
			isa = PBXVariantGroup;
			children = (
				96A409DB24B3974E00A3B691 /* Base */,
			);
			name = LaunchScreen.storyboard;
			sourceTree = "<group>";
		};
/* End PBXVariantGroup section */

/* Begin XCBuildConfiguration section */
		96A409F424B3974E00A3B691 /* Debug */ = {
			isa = XCBuildConfiguration;
			buildSettings = {
				ALWAYS_SEARCH_USER_PATHS = NO;
				CLANG_ANALYZER_NONNULL = YES;
				CLANG_ANALYZER_NUMBER_OBJECT_CONVERSION = YES_AGGRESSIVE;
				CLANG_CXX_LANGUAGE_STANDARD = "gnu++14";
				CLANG_CXX_LIBRARY = "libc++";
				CLANG_ENABLE_MODULES = YES;
				CLANG_ENABLE_OBJC_ARC = YES;
				CLANG_ENABLE_OBJC_WEAK = YES;
				CLANG_WARN_BLOCK_CAPTURE_AUTORELEASING = YES;
				CLANG_WARN_BOOL_CONVERSION = YES;
				CLANG_WARN_COMMA = YES;
				CLANG_WARN_CONSTANT_CONVERSION = YES;
				CLANG_WARN_DEPRECATED_OBJC_IMPLEMENTATIONS = YES;
				CLANG_WARN_DIRECT_OBJC_ISA_USAGE = YES_ERROR;
				CLANG_WARN_DOCUMENTATION_COMMENTS = YES;
				CLANG_WARN_EMPTY_BODY = YES;
				CLANG_WARN_ENUM_CONVERSION = YES;
				CLANG_WARN_INFINITE_RECURSION = YES;
				CLANG_WARN_INT_CONVERSION = YES;
				CLANG_WARN_NON_LITERAL_NULL_CONVERSION = YES;
				CLANG_WARN_OBJC_IMPLICIT_RETAIN_SELF = YES;
				CLANG_WARN_OBJC_LITERAL_CONVERSION = YES;
				CLANG_WARN_OBJC_ROOT_CLASS = YES_ERROR;
				CLANG_WARN_RANGE_LOOP_ANALYSIS = YES;
				CLANG_WARN_STRICT_PROTOTYPES = YES;
				CLANG_WARN_SUSPICIOUS_MOVE = YES;
				CLANG_WARN_UNGUARDED_AVAILABILITY = YES_AGGRESSIVE;
				CLANG_WARN_UNREACHABLE_CODE = YES;
				CLANG_WARN__DUPLICATE_METHOD_MATCH = YES;
				COPY_PHASE_STRIP = NO;
				DEBUG_INFORMATION_FORMAT = dwarf;
				ENABLE_STRICT_OBJC_MSGSEND = YES;
				ENABLE_TESTABILITY = YES;
				GCC_C_LANGUAGE_STANDARD = gnu11;
				GCC_DYNAMIC_NO_PIC = NO;
				GCC_NO_COMMON_BLOCKS = YES;
				GCC_OPTIMIZATION_LEVEL = 0;
				GCC_PREPROCESSOR_DEFINITIONS = (
					"DEBUG=1",
					"$(inherited)",
				);
				GCC_WARN_64_TO_32_BIT_CONVERSION = YES;
				GCC_WARN_ABOUT_RETURN_TYPE = YES_ERROR;
				GCC_WARN_UNDECLARED_SELECTOR = YES;
				GCC_WARN_UNINITIALIZED_AUTOS = YES_AGGRESSIVE;
				GCC_WARN_UNUSED_FUNCTION = YES;
				GCC_WARN_UNUSED_VARIABLE = YES;
				IPHONEOS_DEPLOYMENT_TARGET = 13.5;
				MTL_ENABLE_DEBUG_INFO = INCLUDE_SOURCE;
				MTL_FAST_MATH = YES;
				ONLY_ACTIVE_ARCH = YES;
				SDKROOT = iphoneos;
				SWIFT_ACTIVE_COMPILATION_CONDITIONS = DEBUG;
				SWIFT_OPTIMIZATION_LEVEL = "-Onone";
			};
			name = Debug;
		};
		96A409F524B3974E00A3B691 /* Release */ = {
			isa = XCBuildConfiguration;
			buildSettings = {
				ALWAYS_SEARCH_USER_PATHS = NO;
				CLANG_ANALYZER_NONNULL = YES;
				CLANG_ANALYZER_NUMBER_OBJECT_CONVERSION = YES_AGGRESSIVE;
				CLANG_CXX_LANGUAGE_STANDARD = "gnu++14";
				CLANG_CXX_LIBRARY = "libc++";
				CLANG_ENABLE_MODULES = YES;
				CLANG_ENABLE_OBJC_ARC = YES;
				CLANG_ENABLE_OBJC_WEAK = YES;
				CLANG_WARN_BLOCK_CAPTURE_AUTORELEASING = YES;
				CLANG_WARN_BOOL_CONVERSION = YES;
				CLANG_WARN_COMMA = YES;
				CLANG_WARN_CONSTANT_CONVERSION = YES;
				CLANG_WARN_DEPRECATED_OBJC_IMPLEMENTATIONS = YES;
				CLANG_WARN_DIRECT_OBJC_ISA_USAGE = YES_ERROR;
				CLANG_WARN_DOCUMENTATION_COMMENTS = YES;
				CLANG_WARN_EMPTY_BODY = YES;
				CLANG_WARN_ENUM_CONVERSION = YES;
				CLANG_WARN_INFINITE_RECURSION = YES;
				CLANG_WARN_INT_CONVERSION = YES;
				CLANG_WARN_NON_LITERAL_NULL_CONVERSION = YES;
				CLANG_WARN_OBJC_IMPLICIT_RETAIN_SELF = YES;
				CLANG_WARN_OBJC_LITERAL_CONVERSION = YES;
				CLANG_WARN_OBJC_ROOT_CLASS = YES_ERROR;
				CLANG_WARN_RANGE_LOOP_ANALYSIS = YES;
				CLANG_WARN_STRICT_PROTOTYPES = YES;
				CLANG_WARN_SUSPICIOUS_MOVE = YES;
				CLANG_WARN_UNGUARDED_AVAILABILITY = YES_AGGRESSIVE;
				CLANG_WARN_UNREACHABLE_CODE = YES;
				CLANG_WARN__DUPLICATE_METHOD_MATCH = YES;
				COPY_PHASE_STRIP = NO;
				DEBUG_INFORMATION_FORMAT = "dwarf-with-dsym";
				ENABLE_NS_ASSERTIONS = NO;
				ENABLE_STRICT_OBJC_MSGSEND = YES;
				GCC_C_LANGUAGE_STANDARD = gnu11;
				GCC_NO_COMMON_BLOCKS = YES;
				GCC_WARN_64_TO_32_BIT_CONVERSION = YES;
				GCC_WARN_ABOUT_RETURN_TYPE = YES_ERROR;
				GCC_WARN_UNDECLARED_SELECTOR = YES;
				GCC_WARN_UNINITIALIZED_AUTOS = YES_AGGRESSIVE;
				GCC_WARN_UNUSED_FUNCTION = YES;
				GCC_WARN_UNUSED_VARIABLE = YES;
				IPHONEOS_DEPLOYMENT_TARGET = 13.5;
				MTL_ENABLE_DEBUG_INFO = NO;
				MTL_FAST_MATH = YES;
				SDKROOT = iphoneos;
				SWIFT_COMPILATION_MODE = wholemodule;
				SWIFT_OPTIMIZATION_LEVEL = "-O";
				VALIDATE_PRODUCT = YES;
			};
			name = Release;
		};
		96A409F724B3974E00A3B691 /* Debug */ = {
			isa = XCBuildConfiguration;
			buildSettings = {
				ASSETCATALOG_COMPILER_APPICON_NAME = AppIcon;
				CODE_SIGN_STYLE = Automatic;
				DEVELOPMENT_TEAM = L4Z4FLWB6K;
				INFOPLIST_FILE = skillbox_player/Info.plist;
				LD_RUNPATH_SEARCH_PATHS = (
					"$(inherited)",
					"@executable_path/Frameworks",
				);
				PRODUCT_BUNDLE_IDENTIFIER = "develop-feature-ios-init.skillbox-player";
				PRODUCT_NAME = "$(TARGET_NAME)";
				SWIFT_VERSION = 5.0;
				TARGETED_DEVICE_FAMILY = "1,2";
			};
			name = Debug;
		};
		96A409F824B3974E00A3B691 /* Release */ = {
			isa = XCBuildConfiguration;
			buildSettings = {
				ASSETCATALOG_COMPILER_APPICON_NAME = AppIcon;
				CODE_SIGN_STYLE = Automatic;
				DEVELOPMENT_TEAM = L4Z4FLWB6K;
				INFOPLIST_FILE = skillbox_player/Info.plist;
				LD_RUNPATH_SEARCH_PATHS = (
					"$(inherited)",
					"@executable_path/Frameworks",
				);
				PRODUCT_BUNDLE_IDENTIFIER = "develop-feature-ios-init.skillbox-player";
				PRODUCT_NAME = "$(TARGET_NAME)";
				SWIFT_VERSION = 5.0;
				TARGETED_DEVICE_FAMILY = "1,2";
			};
			name = Release;
		};
		96A409FA24B3974E00A3B691 /* Debug */ = {
			isa = XCBuildConfiguration;
			buildSettings = {
				ALWAYS_EMBED_SWIFT_STANDARD_LIBRARIES = YES;
				BUNDLE_LOADER = "$(TEST_HOST)";
				CODE_SIGN_STYLE = Automatic;
				DEVELOPMENT_TEAM = L4Z4FLWB6K;
				INFOPLIST_FILE = skillbox_playerTests/Info.plist;
				IPHONEOS_DEPLOYMENT_TARGET = 13.5;
				LD_RUNPATH_SEARCH_PATHS = (
					"$(inherited)",
					"@executable_path/Frameworks",
					"@loader_path/Frameworks",
				);
				PRODUCT_BUNDLE_IDENTIFIER = "develop-feature-ios-init.skillbox-playerTests";
				PRODUCT_NAME = "$(TARGET_NAME)";
				SWIFT_VERSION = 5.0;
				TARGETED_DEVICE_FAMILY = "1,2";
				TEST_HOST = "$(BUILT_PRODUCTS_DIR)/skillbox_player.app/skillbox_player";
			};
			name = Debug;
		};
		96A409FB24B3974E00A3B691 /* Release */ = {
			isa = XCBuildConfiguration;
			buildSettings = {
				ALWAYS_EMBED_SWIFT_STANDARD_LIBRARIES = YES;
				BUNDLE_LOADER = "$(TEST_HOST)";
				CODE_SIGN_STYLE = Automatic;
				DEVELOPMENT_TEAM = L4Z4FLWB6K;
				INFOPLIST_FILE = skillbox_playerTests/Info.plist;
				IPHONEOS_DEPLOYMENT_TARGET = 13.5;
				LD_RUNPATH_SEARCH_PATHS = (
					"$(inherited)",
					"@executable_path/Frameworks",
					"@loader_path/Frameworks",
				);
				PRODUCT_BUNDLE_IDENTIFIER = "develop-feature-ios-init.skillbox-playerTests";
				PRODUCT_NAME = "$(TARGET_NAME)";
				SWIFT_VERSION = 5.0;
				TARGETED_DEVICE_FAMILY = "1,2";
				TEST_HOST = "$(BUILT_PRODUCTS_DIR)/skillbox_player.app/skillbox_player";
			};
			name = Release;
		};
		96A409FD24B3974E00A3B691 /* Debug */ = {
			isa = XCBuildConfiguration;
			buildSettings = {
				ALWAYS_EMBED_SWIFT_STANDARD_LIBRARIES = YES;
				CODE_SIGN_STYLE = Automatic;
				DEVELOPMENT_TEAM = L4Z4FLWB6K;
				INFOPLIST_FILE = skillbox_playerUITests/Info.plist;
				LD_RUNPATH_SEARCH_PATHS = (
					"$(inherited)",
					"@executable_path/Frameworks",
					"@loader_path/Frameworks",
				);
				PRODUCT_BUNDLE_IDENTIFIER = "develop-feature-ios-init.skillbox-playerUITests";
				PRODUCT_NAME = "$(TARGET_NAME)";
				SWIFT_VERSION = 5.0;
				TARGETED_DEVICE_FAMILY = "1,2";
				TEST_TARGET_NAME = skillbox_player;
			};
			name = Debug;
		};
		96A409FE24B3974E00A3B691 /* Release */ = {
			isa = XCBuildConfiguration;
			buildSettings = {
				ALWAYS_EMBED_SWIFT_STANDARD_LIBRARIES = YES;
				CODE_SIGN_STYLE = Automatic;
				DEVELOPMENT_TEAM = L4Z4FLWB6K;
				INFOPLIST_FILE = skillbox_playerUITests/Info.plist;
				LD_RUNPATH_SEARCH_PATHS = (
					"$(inherited)",
					"@executable_path/Frameworks",
					"@loader_path/Frameworks",
				);
				PRODUCT_BUNDLE_IDENTIFIER = "develop-feature-ios-init.skillbox-playerUITests";
				PRODUCT_NAME = "$(TARGET_NAME)";
				SWIFT_VERSION = 5.0;
				TARGETED_DEVICE_FAMILY = "1,2";
				TEST_TARGET_NAME = skillbox_player;
			};
			name = Release;
		};
/* End XCBuildConfiguration section */

/* Begin XCConfigurationList section */
		96A409C724B3974A00A3B691 /* Build configuration list for PBXProject "skillbox_player" */ = {
			isa = XCConfigurationList;
			buildConfigurations = (
				96A409F424B3974E00A3B691 /* Debug */,
				96A409F524B3974E00A3B691 /* Release */,
			);
			defaultConfigurationIsVisible = 0;
			defaultConfigurationName = Release;
		};
		96A409F624B3974E00A3B691 /* Build configuration list for PBXNativeTarget "skillbox_player" */ = {
			isa = XCConfigurationList;
			buildConfigurations = (
				96A409F724B3974E00A3B691 /* Debug */,
				96A409F824B3974E00A3B691 /* Release */,
			);
			defaultConfigurationIsVisible = 0;
			defaultConfigurationName = Release;
		};
		96A409F924B3974E00A3B691 /* Build configuration list for PBXNativeTarget "skillbox_playerTests" */ = {
			isa = XCConfigurationList;
			buildConfigurations = (
				96A409FA24B3974E00A3B691 /* Debug */,
				96A409FB24B3974E00A3B691 /* Release */,
			);
			defaultConfigurationIsVisible = 0;
			defaultConfigurationName = Release;
		};
		96A409FC24B3974E00A3B691 /* Build configuration list for PBXNativeTarget "skillbox_playerUITests" */ = {
			isa = XCConfigurationList;
			buildConfigurations = (
				96A409FD24B3974E00A3B691 /* Debug */,
				96A409FE24B3974E00A3B691 /* Release */,
			);
			defaultConfigurationIsVisible = 0;
			defaultConfigurationName = Release;
		};
/* End XCConfigurationList section */
	};
	rootObject = 96A409C424B3974A00A3B691 /* Project object */;
}
